
Microsoft Visual Studio Solution File, Format Version 12.00
# Visual Studio Version 17
VisualStudioVersion = 17.8.34330.188
MinimumVisualStudioVersion = 10.0.40219.1
Project("{2150E333-8FDC-42A3-9474-1A3956D46DE8}") = "Source", "Source", "{267D29E0-F443-4639-B978-2C558F631685}"
EndProject
Project("{2150E333-8FDC-42A3-9474-1A3956D46DE8}") = "Core", "Core", "{544A568D-F871-4182-9825-CEFB86A3F81F}"
EndProject
Project("{2150E333-8FDC-42A3-9474-1A3956D46DE8}") = "Infrastructure", "Infrastructure", "{C7AA309A-117E-4B05-82DD-CFF73A83EC3C}"
EndProject
Project("{2150E333-8FDC-42A3-9474-1A3956D46DE8}") = "Presentations", "Presentations", "{AC43F2DB-E92D-4116-A637-85443C7A270A}"
EndProject
Project("{2150E333-8FDC-42A3-9474-1A3956D46DE8}") = "Solution Items", "Solution Items", "{20BC39C7-DF81-48E7-A00B-DF1A569D1B6E}"
	ProjectSection(SolutionItems) = preProject
		README.md = README.md
	EndProjectSection
EndProject
Project("{9A19103F-16F7-4668-BE54-9A1E7A4F7556}") = "SurveyUs.Application", "SurveyUs.Application\SurveyUs.Application.csproj", "{FAD5AC2B-CFDA-4C20-A74C-8F1AA554260C}"
EndProject
Project("{9A19103F-16F7-4668-BE54-9A1E7A4F7556}") = "SurveyUs.Domain", "SurveyUs.Domain\SurveyUs.Domain.csproj", "{A96D4959-E441-4114-96FE-5E181C4FC73B}"
EndProject
Project("{9A19103F-16F7-4668-BE54-9A1E7A4F7556}") = "SurveyUs.Infrastructure", "SurveyUs.Infrastructure\SurveyUs.Infrastructure.csproj", "{1057CD75-BA0F-4E57-A0FC-CE4485BD82EA}"
EndProject
Project("{9A19103F-16F7-4668-BE54-9A1E7A4F7556}") = "SurveyUs.Infrastructure.Shared", "SurveyUs.Infrastructure.Shared\SurveyUs.Infrastructure.Shared.csproj", "{0C1EB434-19EA-4123-900A-96682073C1F1}"
EndProject
Project("{9A19103F-16F7-4668-BE54-9A1E7A4F7556}") = "SurveyUs.Web", "SurveyUs.Web\SurveyUs.Web.csproj", "{FB5BD9CD-AC46-43E8-AA70-715EE28A140F}"
EndProject
Global
	GlobalSection(SolutionConfigurationPlatforms) = preSolution
		Debug|Any CPU = Debug|Any CPU
		Release|Any CPU = Release|Any CPU
	EndGlobalSection
	GlobalSection(ProjectConfigurationPlatforms) = postSolution
		{FAD5AC2B-CFDA-4C20-A74C-8F1AA554260C}.Debug|Any CPU.ActiveCfg = Debug|Any CPU
		{FAD5AC2B-CFDA-4C20-A74C-8F1AA554260C}.Debug|Any CPU.Build.0 = Debug|Any CPU
		{FAD5AC2B-CFDA-4C20-A74C-8F1AA554260C}.Release|Any CPU.ActiveCfg = Release|Any CPU
		{FAD5AC2B-CFDA-4C20-A74C-8F1AA554260C}.Release|Any CPU.Build.0 = Release|Any CPU
		{A96D4959-E441-4114-96FE-5E181C4FC73B}.Debug|Any CPU.ActiveCfg = Debug|Any CPU
		{A96D4959-E441-4114-96FE-5E181C4FC73B}.Debug|Any CPU.Build.0 = Debug|Any CPU
		{A96D4959-E441-4114-96FE-5E181C4FC73B}.Release|Any CPU.ActiveCfg = Release|Any CPU
		{A96D4959-E441-4114-96FE-5E181C4FC73B}.Release|Any CPU.Build.0 = Release|Any CPU
		{1057CD75-BA0F-4E57-A0FC-CE4485BD82EA}.Debug|Any CPU.ActiveCfg = Debug|Any CPU
		{1057CD75-BA0F-4E57-A0FC-CE4485BD82EA}.Debug|Any CPU.Build.0 = Debug|Any CPU
		{1057CD75-BA0F-4E57-A0FC-CE4485BD82EA}.Release|Any CPU.ActiveCfg = Release|Any CPU
		{1057CD75-BA0F-4E57-A0FC-CE4485BD82EA}.Release|Any CPU.Build.0 = Release|Any CPU
		{0C1EB434-19EA-4123-900A-96682073C1F1}.Debug|Any CPU.ActiveCfg = Debug|Any CPU
		{0C1EB434-19EA-4123-900A-96682073C1F1}.Debug|Any CPU.Build.0 = Debug|Any CPU
		{0C1EB434-19EA-4123-900A-96682073C1F1}.Release|Any CPU.ActiveCfg = Release|Any CPU
		{0C1EB434-19EA-4123-900A-96682073C1F1}.Release|Any CPU.Build.0 = Release|Any CPU
		{FB5BD9CD-AC46-43E8-AA70-715EE28A140F}.Debug|Any CPU.ActiveCfg = Debug|Any CPU
		{FB5BD9CD-AC46-43E8-AA70-715EE28A140F}.Debug|Any CPU.Build.0 = Debug|Any CPU
		{FB5BD9CD-AC46-43E8-AA70-715EE28A140F}.Release|Any CPU.ActiveCfg = Release|Any CPU
		{FB5BD9CD-AC46-43E8-AA70-715EE28A140F}.Release|Any CPU.Build.0 = Release|Any CPU
	EndGlobalSection
	GlobalSection(SolutionProperties) = preSolution
		HideSolutionNode = FALSE
	EndGlobalSection
	GlobalSection(NestedProjects) = preSolution
		{544A568D-F871-4182-9825-CEFB86A3F81F} = {267D29E0-F443-4639-B978-2C558F631685}
		{C7AA309A-117E-4B05-82DD-CFF73A83EC3C} = {267D29E0-F443-4639-B978-2C558F631685}
		{AC43F2DB-E92D-4116-A637-85443C7A270A} = {267D29E0-F443-4639-B978-2C558F631685}
		{FAD5AC2B-CFDA-4C20-A74C-8F1AA554260C} = {544A568D-F871-4182-9825-CEFB86A3F81F}
		{A96D4959-E441-4114-96FE-5E181C4FC73B} = {544A568D-F871-4182-9825-CEFB86A3F81F}
		{1057CD75-BA0F-4E57-A0FC-CE4485BD82EA} = {C7AA309A-117E-4B05-82DD-CFF73A83EC3C}
		{0C1EB434-19EA-4123-900A-96682073C1F1} = {C7AA309A-117E-4B05-82DD-CFF73A83EC3C}
		{FB5BD9CD-AC46-43E8-AA70-715EE28A140F} = {AC43F2DB-E92D-4116-A637-85443C7A270A}
	EndGlobalSection
	GlobalSection(ExtensibilityGlobals) = postSolution
		SolutionGuid = {5B792FBC-B8C2-415D-8EAE-05D242D43842}
	EndGlobalSection
EndGlobal
